// !$*UTF8*$!
{
	archiveVersion = 1;
	classes = {
	};
	objectVersion = 50;
	objects = {

/* Begin PBXBuildFile section */
		F70B4D2F266BD2900019C198 /* AppDelegate.swift in Sources */ = {isa = PBXBuildFile; fileRef = F70B4D2E266BD2900019C198 /* AppDelegate.swift */; };
		F70B4D31266BD2900019C198 /* SceneDelegate.swift in Sources */ = {isa = PBXBuildFile; fileRef = F70B4D30266BD2900019C198 /* SceneDelegate.swift */; };
		F70B4D33266BD2900019C198 /* ContentView.swift in Sources */ = {isa = PBXBuildFile; fileRef = F70B4D32266BD2900019C198 /* ContentView.swift */; };
		F70B4D35266BD2930019C198 /* Assets.xcassets in Resources */ = {isa = PBXBuildFile; fileRef = F70B4D34266BD2930019C198 /* Assets.xcassets */; };
		F70B4D38266BD2930019C198 /* Preview Assets.xcassets in Resources */ = {isa = PBXBuildFile; fileRef = F70B4D37266BD2930019C198 /* Preview Assets.xcassets */; };
		F70B4D3B266BD2930019C198 /* LaunchScreen.storyboard in Resources */ = {isa = PBXBuildFile; fileRef = F70B4D39266BD2930019C198 /* LaunchScreen.storyboard */; };
		F70B4D5F266BD3C30019C198 /* MainViewController.swift in Sources */ = {isa = PBXBuildFile; fileRef = F70B4D5E266BD3C30019C198 /* MainViewController.swift */; };
		F70B4D61266BD4CC0019C198 /* MainCollectionViewCell.swift in Sources */ = {isa = PBXBuildFile; fileRef = F70B4D60266BD4CC0019C198 /* MainCollectionViewCell.swift */; };
		F70B4D63266BD56D0019C198 /* Card.swift in Sources */ = {isa = PBXBuildFile; fileRef = F70B4D62266BD56D0019C198 /* Card.swift */; };
		F70B4D66266BDEDB0019C198 /* PersonModel.swift in Sources */ = {isa = PBXBuildFile; fileRef = F70B4D65266BDEDB0019C198 /* PersonModel.swift */; };
		F7F091AC2C9AA40A00FBE414 /* Info-PRO.plist in Resources */ = {isa = PBXBuildFile; fileRef = F7F091AA2C9AA40A00FBE414 /* Info-PRO.plist */; };
		F7F091AD2C9AA40A00FBE414 /* Info-PRO.plist in Resources */ = {isa = PBXBuildFile; fileRef = F7F091AA2C9AA40A00FBE414 /* Info-PRO.plist */; };
		F7F091AE2C9AA40A00FBE414 /* Info-PRO.plist in Resources */ = {isa = PBXBuildFile; fileRef = F7F091AA2C9AA40A00FBE414 /* Info-PRO.plist */; };
		F7F091AF2C9AA40A00FBE414 /* Info-UAT.plist in Resources */ = {isa = PBXBuildFile; fileRef = F7F091AB2C9AA40A00FBE414 /* Info-UAT.plist */; };
		F7F091B02C9AA40A00FBE414 /* Info-UAT.plist in Resources */ = {isa = PBXBuildFile; fileRef = F7F091AB2C9AA40A00FBE414 /* Info-UAT.plist */; };
		F7F091B12C9AA40A00FBE414 /* Info-UAT.plist in Resources */ = {isa = PBXBuildFile; fileRef = F7F091AB2C9AA40A00FBE414 /* Info-UAT.plist */; };
		F7F091B92C9AA43C00FBE414 /* MainAppDEVTests.swift in Sources */ = {isa = PBXBuildFile; fileRef = F7F091B82C9AA43C00FBE414 /* MainAppDEVTests.swift */; };
		F7F6F8D82C9A9EB2004A9EF5 /* AppDelegate.swift in Sources */ = {isa = PBXBuildFile; fileRef = F70B4D2E266BD2900019C198 /* AppDelegate.swift */; };
		F7F6F8D92C9A9EB2004A9EF5 /* PersonModel.swift in Sources */ = {isa = PBXBuildFile; fileRef = F70B4D65266BDEDB0019C198 /* PersonModel.swift */; };
		F7F6F8DA2C9A9EB2004A9EF5 /* Card.swift in Sources */ = {isa = PBXBuildFile; fileRef = F70B4D62266BD56D0019C198 /* Card.swift */; };
		F7F6F8DB2C9A9EB2004A9EF5 /* SceneDelegate.swift in Sources */ = {isa = PBXBuildFile; fileRef = F70B4D30266BD2900019C198 /* SceneDelegate.swift */; };
		F7F6F8DC2C9A9EB2004A9EF5 /* MainCollectionViewCell.swift in Sources */ = {isa = PBXBuildFile; fileRef = F70B4D60266BD4CC0019C198 /* MainCollectionViewCell.swift */; };
		F7F6F8DD2C9A9EB2004A9EF5 /* ContentView.swift in Sources */ = {isa = PBXBuildFile; fileRef = F70B4D32266BD2900019C198 /* ContentView.swift */; };
		F7F6F8DE2C9A9EB2004A9EF5 /* MainViewController.swift in Sources */ = {isa = PBXBuildFile; fileRef = F70B4D5E266BD3C30019C198 /* MainViewController.swift */; };
		F7F6F8E12C9A9EB2004A9EF5 /* LaunchScreen.storyboard in Resources */ = {isa = PBXBuildFile; fileRef = F70B4D39266BD2930019C198 /* LaunchScreen.storyboard */; };
		F7F6F8E22C9A9EB2004A9EF5 /* Preview Assets.xcassets in Resources */ = {isa = PBXBuildFile; fileRef = F70B4D37266BD2930019C198 /* Preview Assets.xcassets */; };
		F7F6F8E32C9A9EB2004A9EF5 /* Assets.xcassets in Resources */ = {isa = PBXBuildFile; fileRef = F70B4D34266BD2930019C198 /* Assets.xcassets */; };
		F7F6F8EC2C9AA20E004A9EF5 /* AppDelegate.swift in Sources */ = {isa = PBXBuildFile; fileRef = F70B4D2E266BD2900019C198 /* AppDelegate.swift */; };
		F7F6F8ED2C9AA20E004A9EF5 /* PersonModel.swift in Sources */ = {isa = PBXBuildFile; fileRef = F70B4D65266BDEDB0019C198 /* PersonModel.swift */; };
		F7F6F8EE2C9AA20E004A9EF5 /* Card.swift in Sources */ = {isa = PBXBuildFile; fileRef = F70B4D62266BD56D0019C198 /* Card.swift */; };
		F7F6F8EF2C9AA20E004A9EF5 /* SceneDelegate.swift in Sources */ = {isa = PBXBuildFile; fileRef = F70B4D30266BD2900019C198 /* SceneDelegate.swift */; };
		F7F6F8F02C9AA20E004A9EF5 /* MainCollectionViewCell.swift in Sources */ = {isa = PBXBuildFile; fileRef = F70B4D60266BD4CC0019C198 /* MainCollectionViewCell.swift */; };
		F7F6F8F12C9AA20E004A9EF5 /* ContentView.swift in Sources */ = {isa = PBXBuildFile; fileRef = F70B4D32266BD2900019C198 /* ContentView.swift */; };
		F7F6F8F22C9AA20E004A9EF5 /* MainViewController.swift in Sources */ = {isa = PBXBuildFile; fileRef = F70B4D5E266BD3C30019C198 /* MainViewController.swift */; };
		F7F6F8F52C9AA20E004A9EF5 /* LaunchScreen.storyboard in Resources */ = {isa = PBXBuildFile; fileRef = F70B4D39266BD2930019C198 /* LaunchScreen.storyboard */; };
		F7F6F8F62C9AA20E004A9EF5 /* Preview Assets.xcassets in Resources */ = {isa = PBXBuildFile; fileRef = F70B4D37266BD2930019C198 /* Preview Assets.xcassets */; };
		F7F6F8F72C9AA20E004A9EF5 /* Assets.xcassets in Resources */ = {isa = PBXBuildFile; fileRef = F70B4D34266BD2930019C198 /* Assets.xcassets */; };
/* End PBXBuildFile section */

/* Begin PBXContainerItemProxy section */
		F7F091BA2C9AA43C00FBE414 /* PBXContainerItemProxy */ = {
			isa = PBXContainerItemProxy;
			containerPortal = F70B4D23266BD2900019C198 /* Project object */;
			proxyType = 1;
			remoteGlobalIDString = F70B4D2A266BD2900019C198;
			remoteInfo = MainAppDEV;
		};
/* End PBXContainerItemProxy section */

/* Begin PBXFileReference section */
		F70B4D2B266BD2900019C198 /* MainAppDEV.app */ = {isa = PBXFileReference; explicitFileType = wrapper.application; includeInIndex = 0; path = MainAppDEV.app; sourceTree = BUILT_PRODUCTS_DIR; };
		F70B4D2E266BD2900019C198 /* AppDelegate.swift */ = {isa = PBXFileReference; lastKnownFileType = sourcecode.swift; path = AppDelegate.swift; sourceTree = "<group>"; };
		F70B4D30266BD2900019C198 /* SceneDelegate.swift */ = {isa = PBXFileReference; lastKnownFileType = sourcecode.swift; path = SceneDelegate.swift; sourceTree = "<group>"; };
		F70B4D32266BD2900019C198 /* ContentView.swift */ = {isa = PBXFileReference; lastKnownFileType = sourcecode.swift; path = ContentView.swift; sourceTree = "<group>"; };
		F70B4D34266BD2930019C198 /* Assets.xcassets */ = {isa = PBXFileReference; lastKnownFileType = folder.assetcatalog; path = Assets.xcassets; sourceTree = "<group>"; };
		F70B4D37266BD2930019C198 /* Preview Assets.xcassets */ = {isa = PBXFileReference; lastKnownFileType = folder.assetcatalog; path = "Preview Assets.xcassets"; sourceTree = "<group>"; };
		F70B4D3A266BD2930019C198 /* Base */ = {isa = PBXFileReference; lastKnownFileType = file.storyboard; name = Base; path = Base.lproj/LaunchScreen.storyboard; sourceTree = "<group>"; };
		F70B4D3C266BD2930019C198 /* Info-DEV.plist */ = {isa = PBXFileReference; lastKnownFileType = text.plist.xml; path = "Info-DEV.plist"; sourceTree = "<group>"; };
		F70B4D5E266BD3C30019C198 /* MainViewController.swift */ = {isa = PBXFileReference; lastKnownFileType = sourcecode.swift; path = MainViewController.swift; sourceTree = "<group>"; };
		F70B4D60266BD4CC0019C198 /* MainCollectionViewCell.swift */ = {isa = PBXFileReference; lastKnownFileType = sourcecode.swift; path = MainCollectionViewCell.swift; sourceTree = "<group>"; };
		F70B4D62266BD56D0019C198 /* Card.swift */ = {isa = PBXFileReference; lastKnownFileType = sourcecode.swift; path = Card.swift; sourceTree = "<group>"; };
		F70B4D65266BDEDB0019C198 /* PersonModel.swift */ = {isa = PBXFileReference; lastKnownFileType = sourcecode.swift; path = PersonModel.swift; sourceTree = "<group>"; };
		F76F65CF2C9AA4A7003B67E6 /* MainAppDEV.xctestplan */ = {isa = PBXFileReference; lastKnownFileType = text; path = MainAppDEV.xctestplan; sourceTree = "<group>"; };
		F7F091AA2C9AA40A00FBE414 /* Info-PRO.plist */ = {isa = PBXFileReference; fileEncoding = 4; lastKnownFileType = text.plist.xml; path = "Info-PRO.plist"; sourceTree = "<group>"; };
		F7F091AB2C9AA40A00FBE414 /* Info-UAT.plist */ = {isa = PBXFileReference; fileEncoding = 4; lastKnownFileType = text.plist.xml; path = "Info-UAT.plist"; sourceTree = "<group>"; };
		F7F091B62C9AA43C00FBE414 /* MainAppDEVTests.xctest */ = {isa = PBXFileReference; explicitFileType = wrapper.cfbundle; includeInIndex = 0; path = MainAppDEVTests.xctest; sourceTree = BUILT_PRODUCTS_DIR; };
		F7F091B82C9AA43C00FBE414 /* MainAppDEVTests.swift */ = {isa = PBXFileReference; lastKnownFileType = sourcecode.swift; path = MainAppDEVTests.swift; sourceTree = "<group>"; };
		F7F6F8E82C9A9EB2004A9EF5 /* MainAppUAT.app */ = {isa = PBXFileReference; explicitFileType = wrapper.application; includeInIndex = 0; path = MainAppUAT.app; sourceTree = BUILT_PRODUCTS_DIR; };
		F7F6F8FC2C9AA20E004A9EF5 /* MainAppPRO.app */ = {isa = PBXFileReference; explicitFileType = wrapper.application; includeInIndex = 0; path = MainAppPRO.app; sourceTree = BUILT_PRODUCTS_DIR; };
/* End PBXFileReference section */

/* Begin PBXFrameworksBuildPhase section */
		F70B4D28266BD2900019C198 /* Frameworks */ = {
			isa = PBXFrameworksBuildPhase;
			buildActionMask = 2147483647;
			files = (
			);
			runOnlyForDeploymentPostprocessing = 0;
		};
		F7F091B32C9AA43C00FBE414 /* Frameworks */ = {
			isa = PBXFrameworksBuildPhase;
			buildActionMask = 2147483647;
			files = (
			);
			runOnlyForDeploymentPostprocessing = 0;
		};
		F7F6F8DF2C9A9EB2004A9EF5 /* Frameworks */ = {
			isa = PBXFrameworksBuildPhase;
			buildActionMask = 2147483647;
			files = (
			);
			runOnlyForDeploymentPostprocessing = 0;
		};
		F7F6F8F32C9AA20E004A9EF5 /* Frameworks */ = {
			isa = PBXFrameworksBuildPhase;
			buildActionMask = 2147483647;
			files = (
			);
			runOnlyForDeploymentPostprocessing = 0;
		};
/* End PBXFrameworksBuildPhase section */

/* Begin PBXGroup section */
		F70B4D22266BD2900019C198 = {
			isa = PBXGroup;
			children = (
				F70B4D2D266BD2900019C198 /* MainApp */,
				F7F091B72C9AA43C00FBE414 /* MainAppDEVTests */,
				F70B4D2C266BD2900019C198 /* Products */,
			);
			sourceTree = "<group>";
		};
		F70B4D2C266BD2900019C198 /* Products */ = {
			isa = PBXGroup;
			children = (
				F70B4D2B266BD2900019C198 /* MainAppDEV.app */,
				F7F6F8E82C9A9EB2004A9EF5 /* MainAppUAT.app */,
				F7F6F8FC2C9AA20E004A9EF5 /* MainAppPRO.app */,
				F7F091B62C9AA43C00FBE414 /* MainAppDEVTests.xctest */,
			);
			name = Products;
			sourceTree = "<group>";
		};
		F70B4D2D266BD2900019C198 /* MainApp */ = {
			isa = PBXGroup;
			children = (
				F70B4D3C266BD2930019C198 /* Info-DEV.plist */,
				F7F091AA2C9AA40A00FBE414 /* Info-PRO.plist */,
				F7F091AB2C9AA40A00FBE414 /* Info-UAT.plist */,
				F70B4D2E266BD2900019C198 /* AppDelegate.swift */,
				F70B4D62266BD56D0019C198 /* Card.swift */,
				F70B4D32266BD2900019C198 /* ContentView.swift */,
				F70B4D60266BD4CC0019C198 /* MainCollectionViewCell.swift */,
				F70B4D5E266BD3C30019C198 /* MainViewController.swift */,
				F70B4D65266BDEDB0019C198 /* PersonModel.swift */,
				F70B4D30266BD2900019C198 /* SceneDelegate.swift */,
				F70B4D34266BD2930019C198 /* Assets.xcassets */,
				F70B4D39266BD2930019C198 /* LaunchScreen.storyboard */,
				F70B4D36266BD2930019C198 /* Preview Content */,
			);
			path = MainApp;
			sourceTree = "<group>";
		};
		F70B4D36266BD2930019C198 /* Preview Content */ = {
			isa = PBXGroup;
			children = (
				F70B4D37266BD2930019C198 /* Preview Assets.xcassets */,
			);
			path = "Preview Content";
			sourceTree = "<group>";
		};
		F7F091B72C9AA43C00FBE414 /* MainAppDEVTests */ = {
			isa = PBXGroup;
			children = (
				F76F65CF2C9AA4A7003B67E6 /* MainAppDEV.xctestplan */,
				F7F091B82C9AA43C00FBE414 /* MainAppDEVTests.swift */,
			);
			path = MainAppDEVTests;
			sourceTree = "<group>";
		};
/* End PBXGroup section */

/* Begin PBXNativeTarget section */
		F70B4D2A266BD2900019C198 /* MainAppDEV */ = {
			isa = PBXNativeTarget;
			buildConfigurationList = F70B4D55266BD2930019C198 /* Build configuration list for PBXNativeTarget "MainAppDEV" */;
			buildPhases = (
				F70B4D27266BD2900019C198 /* Sources */,
				F70B4D28266BD2900019C198 /* Frameworks */,
				F70B4D29266BD2900019C198 /* Resources */,
				F70B4D64266BD8720019C198 /* ShellScript */,
			);
			buildRules = (
			);
			dependencies = (
			);
			name = MainAppDEV;
			productName = MainApp;
			productReference = F70B4D2B266BD2900019C198 /* MainAppDEV.app */;
			productType = "com.apple.product-type.application";
		};
		F7F091B52C9AA43C00FBE414 /* MainAppDEVTests */ = {
			isa = PBXNativeTarget;
			buildConfigurationList = F7F091BC2C9AA43C00FBE414 /* Build configuration list for PBXNativeTarget "MainAppDEVTests" */;
			buildPhases = (
				F7F091B22C9AA43C00FBE414 /* Sources */,
				F7F091B32C9AA43C00FBE414 /* Frameworks */,
				F7F091B42C9AA43C00FBE414 /* Resources */,
			);
			buildRules = (
			);
			dependencies = (
				F7F091BB2C9AA43C00FBE414 /* PBXTargetDependency */,
			);
			name = MainAppDEVTests;
			productName = MainAppDEVTests;
			productReference = F7F091B62C9AA43C00FBE414 /* MainAppDEVTests.xctest */;
			productType = "com.apple.product-type.bundle.unit-test";
		};
		F7F6F8D62C9A9EB2004A9EF5 /* MainAppUAT */ = {
			isa = PBXNativeTarget;
			buildConfigurationList = F7F6F8E52C9A9EB2004A9EF5 /* Build configuration list for PBXNativeTarget "MainAppUAT" */;
			buildPhases = (
				F7F6F8D72C9A9EB2004A9EF5 /* Sources */,
				F7F6F8DF2C9A9EB2004A9EF5 /* Frameworks */,
				F7F6F8E02C9A9EB2004A9EF5 /* Resources */,
				F7F6F8E42C9A9EB2004A9EF5 /* ShellScript */,
			);
			buildRules = (
			);
			dependencies = (
			);
			name = MainAppUAT;
			productName = MainApp;
			productReference = F7F6F8E82C9A9EB2004A9EF5 /* MainAppUAT.app */;
			productType = "com.apple.product-type.application";
		};
		F7F6F8EA2C9AA20E004A9EF5 /* MainAppPRO */ = {
			isa = PBXNativeTarget;
			buildConfigurationList = F7F6F8F92C9AA20E004A9EF5 /* Build configuration list for PBXNativeTarget "MainAppPRO" */;
			buildPhases = (
				F7F6F8EB2C9AA20E004A9EF5 /* Sources */,
				F7F6F8F32C9AA20E004A9EF5 /* Frameworks */,
				F7F6F8F42C9AA20E004A9EF5 /* Resources */,
				F7F6F8F82C9AA20E004A9EF5 /* ShellScript */,
			);
			buildRules = (
			);
			dependencies = (
			);
			name = MainAppPRO;
			productName = MainApp;
			productReference = F7F6F8FC2C9AA20E004A9EF5 /* MainAppPRO.app */;
			productType = "com.apple.product-type.application";
		};
/* End PBXNativeTarget section */

/* Begin PBXProject section */
		F70B4D23266BD2900019C198 /* Project object */ = {
			isa = PBXProject;
			attributes = {
				LastSwiftUpdateCheck = 1540;
				LastUpgradeCheck = 1250;
				TargetAttributes = {
					F70B4D2A266BD2900019C198 = {
						CreatedOnToolsVersion = 12.5;
					};
					F7F091B52C9AA43C00FBE414 = {
						CreatedOnToolsVersion = 15.4;
						TestTargetID = F70B4D2A266BD2900019C198;
					};
				};
			};
			buildConfigurationList = F70B4D26266BD2900019C198 /* Build configuration list for PBXProject "MainApp" */;
			compatibilityVersion = "Xcode 9.3";
			developmentRegion = en;
			hasScannedForEncodings = 0;
			knownRegions = (
				en,
				Base,
			);
			mainGroup = F70B4D22266BD2900019C198;
			productRefGroup = F70B4D2C266BD2900019C198 /* Products */;
			projectDirPath = "";
			projectRoot = "";
			targets = (
				F70B4D2A266BD2900019C198 /* MainAppDEV */,
				F7F6F8D62C9A9EB2004A9EF5 /* MainAppUAT */,
				F7F6F8EA2C9AA20E004A9EF5 /* MainAppPRO */,
				F7F091B52C9AA43C00FBE414 /* MainAppDEVTests */,
			);
		};
/* End PBXProject section */

/* Begin PBXResourcesBuildPhase section */
		F70B4D29266BD2900019C198 /* Resources */ = {
			isa = PBXResourcesBuildPhase;
			buildActionMask = 2147483647;
			files = (
				F70B4D3B266BD2930019C198 /* LaunchScreen.storyboard in Resources */,
				F70B4D38266BD2930019C198 /* Preview Assets.xcassets in Resources */,
				F7F091AF2C9AA40A00FBE414 /* Info-UAT.plist in Resources */,
				F7F091AC2C9AA40A00FBE414 /* Info-PRO.plist in Resources */,
				F70B4D35266BD2930019C198 /* Assets.xcassets in Resources */,
			);
			runOnlyForDeploymentPostprocessing = 0;
		};
		F7F091B42C9AA43C00FBE414 /* Resources */ = {
			isa = PBXResourcesBuildPhase;
			buildActionMask = 2147483647;
			files = (
			);
			runOnlyForDeploymentPostprocessing = 0;
		};
		F7F6F8E02C9A9EB2004A9EF5 /* Resources */ = {
			isa = PBXResourcesBuildPhase;
			buildActionMask = 2147483647;
			files = (
				F7F6F8E12C9A9EB2004A9EF5 /* LaunchScreen.storyboard in Resources */,
				F7F6F8E22C9A9EB2004A9EF5 /* Preview Assets.xcassets in Resources */,
				F7F091B02C9AA40A00FBE414 /* Info-UAT.plist in Resources */,
				F7F091AD2C9AA40A00FBE414 /* Info-PRO.plist in Resources */,
				F7F6F8E32C9A9EB2004A9EF5 /* Assets.xcassets in Resources */,
			);
			runOnlyForDeploymentPostprocessing = 0;
		};
		F7F6F8F42C9AA20E004A9EF5 /* Resources */ = {
			isa = PBXResourcesBuildPhase;
			buildActionMask = 2147483647;
			files = (
				F7F6F8F52C9AA20E004A9EF5 /* LaunchScreen.storyboard in Resources */,
				F7F6F8F62C9AA20E004A9EF5 /* Preview Assets.xcassets in Resources */,
				F7F091B12C9AA40A00FBE414 /* Info-UAT.plist in Resources */,
				F7F091AE2C9AA40A00FBE414 /* Info-PRO.plist in Resources */,
				F7F6F8F72C9AA20E004A9EF5 /* Assets.xcassets in Resources */,
			);
			runOnlyForDeploymentPostprocessing = 0;
		};
/* End PBXResourcesBuildPhase section */

/* Begin PBXShellScriptBuildPhase section */
		F70B4D64266BD8720019C198 /* ShellScript */ = {
			isa = PBXShellScriptBuildPhase;
			buildActionMask = 2147483647;
			files = (
			);
			inputFileListPaths = (
			);
			inputPaths = (
			);
			outputFileListPaths = (
			);
			outputPaths = (
			);
			runOnlyForDeploymentPostprocessing = 0;
			shellPath = /bin/sh;
			shellScript = "if which swiftlint >/dev/null; then\n  swiftlint\nelse\n  echo \"warning: SwiftLint not installed, download from https://github.com/realm/SwiftLint\"\nfi\n";
		};
		F7F6F8E42C9A9EB2004A9EF5 /* ShellScript */ = {
			isa = PBXShellScriptBuildPhase;
			buildActionMask = 2147483647;
			files = (
			);
			inputFileListPaths = (
			);
			inputPaths = (
			);
			outputFileListPaths = (
			);
			outputPaths = (
			);
			runOnlyForDeploymentPostprocessing = 0;
			shellPath = /bin/sh;
			shellScript = "if which swiftlint >/dev/null; then\n  swiftlint\nelse\n  echo \"warning: SwiftLint not installed, download from https://github.com/realm/SwiftLint\"\nfi\n";
		};
		F7F6F8F82C9AA20E004A9EF5 /* ShellScript */ = {
			isa = PBXShellScriptBuildPhase;
			buildActionMask = 2147483647;
			files = (
			);
			inputFileListPaths = (
			);
			inputPaths = (
			);
			outputFileListPaths = (
			);
			outputPaths = (
			);
			runOnlyForDeploymentPostprocessing = 0;
			shellPath = /bin/sh;
			shellScript = "if which swiftlint >/dev/null; then\n  swiftlint\nelse\n  echo \"warning: SwiftLint not installed, download from https://github.com/realm/SwiftLint\"\nfi\n";
		};
/* End PBXShellScriptBuildPhase section */

/* Begin PBXSourcesBuildPhase section */
		F70B4D27266BD2900019C198 /* Sources */ = {
			isa = PBXSourcesBuildPhase;
			buildActionMask = 2147483647;
			files = (
				F70B4D2F266BD2900019C198 /* AppDelegate.swift in Sources */,
				F70B4D66266BDEDB0019C198 /* PersonModel.swift in Sources */,
				F70B4D63266BD56D0019C198 /* Card.swift in Sources */,
				F70B4D31266BD2900019C198 /* SceneDelegate.swift in Sources */,
				F70B4D61266BD4CC0019C198 /* MainCollectionViewCell.swift in Sources */,
				F70B4D33266BD2900019C198 /* ContentView.swift in Sources */,
				F70B4D5F266BD3C30019C198 /* MainViewController.swift in Sources */,
			);
			runOnlyForDeploymentPostprocessing = 0;
		};
		F7F091B22C9AA43C00FBE414 /* Sources */ = {
			isa = PBXSourcesBuildPhase;
			buildActionMask = 2147483647;
			files = (
				F7F091B92C9AA43C00FBE414 /* MainAppDEVTests.swift in Sources */,
			);
			runOnlyForDeploymentPostprocessing = 0;
		};
		F7F6F8D72C9A9EB2004A9EF5 /* Sources */ = {
			isa = PBXSourcesBuildPhase;
			buildActionMask = 2147483647;
			files = (
				F7F6F8D82C9A9EB2004A9EF5 /* AppDelegate.swift in Sources */,
				F7F6F8D92C9A9EB2004A9EF5 /* PersonModel.swift in Sources */,
				F7F6F8DA2C9A9EB2004A9EF5 /* Card.swift in Sources */,
				F7F6F8DB2C9A9EB2004A9EF5 /* SceneDelegate.swift in Sources */,
				F7F6F8DC2C9A9EB2004A9EF5 /* MainCollectionViewCell.swift in Sources */,
				F7F6F8DD2C9A9EB2004A9EF5 /* ContentView.swift in Sources */,
				F7F6F8DE2C9A9EB2004A9EF5 /* MainViewController.swift in Sources */,
			);
			runOnlyForDeploymentPostprocessing = 0;
		};
		F7F6F8EB2C9AA20E004A9EF5 /* Sources */ = {
			isa = PBXSourcesBuildPhase;
			buildActionMask = 2147483647;
			files = (
				F7F6F8EC2C9AA20E004A9EF5 /* AppDelegate.swift in Sources */,
				F7F6F8ED2C9AA20E004A9EF5 /* PersonModel.swift in Sources */,
				F7F6F8EE2C9AA20E004A9EF5 /* Card.swift in Sources */,
				F7F6F8EF2C9AA20E004A9EF5 /* SceneDelegate.swift in Sources */,
				F7F6F8F02C9AA20E004A9EF5 /* MainCollectionViewCell.swift in Sources */,
				F7F6F8F12C9AA20E004A9EF5 /* ContentView.swift in Sources */,
				F7F6F8F22C9AA20E004A9EF5 /* MainViewController.swift in Sources */,
			);
			runOnlyForDeploymentPostprocessing = 0;
		};
/* End PBXSourcesBuildPhase section */

/* Begin PBXTargetDependency section */
		F7F091BB2C9AA43C00FBE414 /* PBXTargetDependency */ = {
			isa = PBXTargetDependency;
			target = F70B4D2A266BD2900019C198 /* MainAppDEV */;
			targetProxy = F7F091BA2C9AA43C00FBE414 /* PBXContainerItemProxy */;
		};
/* End PBXTargetDependency section */

/* Begin PBXVariantGroup section */
		F70B4D39266BD2930019C198 /* LaunchScreen.storyboard */ = {
			isa = PBXVariantGroup;
			children = (
				F70B4D3A266BD2930019C198 /* Base */,
			);
			name = LaunchScreen.storyboard;
			sourceTree = "<group>";
		};
/* End PBXVariantGroup section */

/* Begin XCBuildConfiguration section */
		F70B4D53266BD2930019C198 /* Debug */ = {
			isa = XCBuildConfiguration;
			buildSettings = {
				ALWAYS_SEARCH_USER_PATHS = NO;
				CLANG_ANALYZER_NONNULL = YES;
				CLANG_ANALYZER_NUMBER_OBJECT_CONVERSION = YES_AGGRESSIVE;
				CLANG_CXX_LANGUAGE_STANDARD = "gnu++14";
				CLANG_CXX_LIBRARY = "libc++";
				CLANG_ENABLE_MODULES = YES;
				CLANG_ENABLE_OBJC_ARC = YES;
				CLANG_ENABLE_OBJC_WEAK = YES;
				CLANG_WARN_BLOCK_CAPTURE_AUTORELEASING = YES;
				CLANG_WARN_BOOL_CONVERSION = YES;
				CLANG_WARN_COMMA = YES;
				CLANG_WARN_CONSTANT_CONVERSION = YES;
				CLANG_WARN_DEPRECATED_OBJC_IMPLEMENTATIONS = YES;
				CLANG_WARN_DIRECT_OBJC_ISA_USAGE = YES_ERROR;
				CLANG_WARN_DOCUMENTATION_COMMENTS = YES;
				CLANG_WARN_EMPTY_BODY = YES;
				CLANG_WARN_ENUM_CONVERSION = YES;
				CLANG_WARN_INFINITE_RECURSION = YES;
				CLANG_WARN_INT_CONVERSION = YES;
				CLANG_WARN_NON_LITERAL_NULL_CONVERSION = YES;
				CLANG_WARN_OBJC_IMPLICIT_RETAIN_SELF = YES;
				CLANG_WARN_OBJC_LITERAL_CONVERSION = YES;
				CLANG_WARN_OBJC_ROOT_CLASS = YES_ERROR;
				CLANG_WARN_QUOTED_INCLUDE_IN_FRAMEWORK_HEADER = YES;
				CLANG_WARN_RANGE_LOOP_ANALYSIS = YES;
				CLANG_WARN_STRICT_PROTOTYPES = YES;
				CLANG_WARN_SUSPICIOUS_MOVE = YES;
				CLANG_WARN_UNGUARDED_AVAILABILITY = YES_AGGRESSIVE;
				CLANG_WARN_UNREACHABLE_CODE = YES;
				CLANG_WARN__DUPLICATE_METHOD_MATCH = YES;
				COPY_PHASE_STRIP = NO;
				DEBUG_INFORMATION_FORMAT = dwarf;
				ENABLE_STRICT_OBJC_MSGSEND = YES;
				ENABLE_TESTABILITY = YES;
				GCC_C_LANGUAGE_STANDARD = gnu11;
				GCC_DYNAMIC_NO_PIC = NO;
				GCC_NO_COMMON_BLOCKS = YES;
				GCC_OPTIMIZATION_LEVEL = 0;
				GCC_PREPROCESSOR_DEFINITIONS = (
					"DEBUG=1",
					"$(inherited)",
				);
				GCC_WARN_64_TO_32_BIT_CONVERSION = YES;
				GCC_WARN_ABOUT_RETURN_TYPE = YES_ERROR;
				GCC_WARN_UNDECLARED_SELECTOR = YES;
				GCC_WARN_UNINITIALIZED_AUTOS = YES_AGGRESSIVE;
				GCC_WARN_UNUSED_FUNCTION = YES;
				GCC_WARN_UNUSED_VARIABLE = YES;
				IPHONEOS_DEPLOYMENT_TARGET = 14.5;
				MTL_ENABLE_DEBUG_INFO = INCLUDE_SOURCE;
				MTL_FAST_MATH = YES;
				ONLY_ACTIVE_ARCH = YES;
				SDKROOT = iphoneos;
				SWIFT_ACTIVE_COMPILATION_CONDITIONS = DEBUG;
				SWIFT_OPTIMIZATION_LEVEL = "-Onone";
			};
			name = Debug;
		};
		F70B4D54266BD2930019C198 /* Release */ = {
			isa = XCBuildConfiguration;
			buildSettings = {
				ALWAYS_SEARCH_USER_PATHS = NO;
				CLANG_ANALYZER_NONNULL = YES;
				CLANG_ANALYZER_NUMBER_OBJECT_CONVERSION = YES_AGGRESSIVE;
				CLANG_CXX_LANGUAGE_STANDARD = "gnu++14";
				CLANG_CXX_LIBRARY = "libc++";
				CLANG_ENABLE_MODULES = YES;
				CLANG_ENABLE_OBJC_ARC = YES;
				CLANG_ENABLE_OBJC_WEAK = YES;
				CLANG_WARN_BLOCK_CAPTURE_AUTORELEASING = YES;
				CLANG_WARN_BOOL_CONVERSION = YES;
				CLANG_WARN_COMMA = YES;
				CLANG_WARN_CONSTANT_CONVERSION = YES;
				CLANG_WARN_DEPRECATED_OBJC_IMPLEMENTATIONS = YES;
				CLANG_WARN_DIRECT_OBJC_ISA_USAGE = YES_ERROR;
				CLANG_WARN_DOCUMENTATION_COMMENTS = YES;
				CLANG_WARN_EMPTY_BODY = YES;
				CLANG_WARN_ENUM_CONVERSION = YES;
				CLANG_WARN_INFINITE_RECURSION = YES;
				CLANG_WARN_INT_CONVERSION = YES;
				CLANG_WARN_NON_LITERAL_NULL_CONVERSION = YES;
				CLANG_WARN_OBJC_IMPLICIT_RETAIN_SELF = YES;
				CLANG_WARN_OBJC_LITERAL_CONVERSION = YES;
				CLANG_WARN_OBJC_ROOT_CLASS = YES_ERROR;
				CLANG_WARN_QUOTED_INCLUDE_IN_FRAMEWORK_HEADER = YES;
				CLANG_WARN_RANGE_LOOP_ANALYSIS = YES;
				CLANG_WARN_STRICT_PROTOTYPES = YES;
				CLANG_WARN_SUSPICIOUS_MOVE = YES;
				CLANG_WARN_UNGUARDED_AVAILABILITY = YES_AGGRESSIVE;
				CLANG_WARN_UNREACHABLE_CODE = YES;
				CLANG_WARN__DUPLICATE_METHOD_MATCH = YES;
				COPY_PHASE_STRIP = NO;
				DEBUG_INFORMATION_FORMAT = "dwarf-with-dsym";
				ENABLE_NS_ASSERTIONS = NO;
				ENABLE_STRICT_OBJC_MSGSEND = YES;
				GCC_C_LANGUAGE_STANDARD = gnu11;
				GCC_NO_COMMON_BLOCKS = YES;
				GCC_WARN_64_TO_32_BIT_CONVERSION = YES;
				GCC_WARN_ABOUT_RETURN_TYPE = YES_ERROR;
				GCC_WARN_UNDECLARED_SELECTOR = YES;
				GCC_WARN_UNINITIALIZED_AUTOS = YES_AGGRESSIVE;
				GCC_WARN_UNUSED_FUNCTION = YES;
				GCC_WARN_UNUSED_VARIABLE = YES;
				IPHONEOS_DEPLOYMENT_TARGET = 14.5;
				MTL_ENABLE_DEBUG_INFO = NO;
				MTL_FAST_MATH = YES;
				SDKROOT = iphoneos;
				SWIFT_COMPILATION_MODE = wholemodule;
				SWIFT_OPTIMIZATION_LEVEL = "-O";
				VALIDATE_PRODUCT = YES;
			};
			name = Release;
		};
		F70B4D56266BD2930019C198 /* Debug */ = {
			isa = XCBuildConfiguration;
			buildSettings = {
				ASSETCATALOG_COMPILER_APPICON_NAME = AppIcon;
				ASSETCATALOG_COMPILER_GLOBAL_ACCENT_COLOR_NAME = AccentColor;
				"CODE_SIGN_IDENTITY[sdk=iphoneos*]" = "iPhone Developer";
				CODE_SIGN_STYLE = Manual;
				CURRENT_PROJECT_VERSION = 1;
				DEVELOPMENT_ASSET_PATHS = "\"MainApp/Preview Content\"";
				DEVELOPMENT_TEAM = "";
				"DEVELOPMENT_TEAM[sdk=iphoneos*]" = 6P7LJS7G56;
				ENABLE_PREVIEWS = YES;
				GCC_PREPROCESSOR_DEFINITIONS = (
					"DEV=1",
					"DEBUG=1",
				);
				GENERATE_INFOPLIST_FILE = YES;
				INFOPLIST_FILE = "MainApp/Info-DEV.plist";
				INFOPLIST_PREPROCESS = NO;
				LD_RUNPATH_SEARCH_PATHS = (
					"$(inherited)",
					"@executable_path/Frameworks",
				);
				MARKETING_VERSION = 1.0.0;
				OTHER_SWIFT_FLAGS = "-DDEV";
				PRODUCT_BUNDLE_IDENTIFIER = com.mildgrind.icefuse.dev;
				PRODUCT_NAME = "$(TARGET_NAME)";
				PROVISIONING_PROFILE_SPECIFIER = "";
				"PROVISIONING_PROFILE_SPECIFIER[sdk=iphoneos*]" = "IceFuse Dev";
				SWIFT_VERSION = 5.0;
				TARGETED_DEVICE_FAMILY = "1,2";
			};
			name = Debug;
		};
		F70B4D57266BD2930019C198 /* Release */ = {
			isa = XCBuildConfiguration;
			buildSettings = {
				ASSETCATALOG_COMPILER_APPICON_NAME = AppIcon;
				ASSETCATALOG_COMPILER_GLOBAL_ACCENT_COLOR_NAME = AccentColor;
				"CODE_SIGN_IDENTITY[sdk=iphoneos*]" = "iPhone Developer";
				CODE_SIGN_STYLE = Manual;
				CURRENT_PROJECT_VERSION = 1;
				DEVELOPMENT_ASSET_PATHS = "\"MainApp/Preview Content\"";
				DEVELOPMENT_TEAM = "";
				"DEVELOPMENT_TEAM[sdk=iphoneos*]" = 6P7LJS7G56;
				ENABLE_PREVIEWS = YES;
				GCC_PREPROCESSOR_DEFINITIONS = "DEV=1";
				GENERATE_INFOPLIST_FILE = YES;
				INFOPLIST_FILE = "MainApp/Info-DEV.plist";
				INFOPLIST_PREPROCESS = NO;
				LD_RUNPATH_SEARCH_PATHS = (
					"$(inherited)",
					"@executable_path/Frameworks",
				);
				MARKETING_VERSION = 1.0.0;
				OTHER_SWIFT_FLAGS = "-DDEV";
				PRODUCT_BUNDLE_IDENTIFIER = com.mildgrind.icefuse.dev;
				PRODUCT_NAME = "$(TARGET_NAME)";
				PROVISIONING_PROFILE_SPECIFIER = "";
				"PROVISIONING_PROFILE_SPECIFIER[sdk=iphoneos*]" = "IceFuse Dev";
				SWIFT_VERSION = 5.0;
				TARGETED_DEVICE_FAMILY = "1,2";
			};
			name = Release;
		};
		F7F091BD2C9AA43C00FBE414 /* Debug */ = {
			isa = XCBuildConfiguration;
			buildSettings = {
				ASSETCATALOG_COMPILER_GENERATE_SWIFT_ASSET_SYMBOL_EXTENSIONS = YES;
				BUNDLE_LOADER = "$(TEST_HOST)";
				CLANG_CXX_LANGUAGE_STANDARD = "gnu++20";
				CODE_SIGN_STYLE = Automatic;
				CURRENT_PROJECT_VERSION = 1;
				DEVELOPMENT_TEAM = 6P7LJS7G56;
				ENABLE_USER_SCRIPT_SANDBOXING = YES;
				GCC_C_LANGUAGE_STANDARD = gnu17;
				GENERATE_INFOPLIST_FILE = YES;
				IPHONEOS_DEPLOYMENT_TARGET = 17.5;
				LOCALIZATION_PREFERS_STRING_CATALOGS = YES;
				MARKETING_VERSION = 1.0;
				PRODUCT_BUNDLE_IDENTIFIER = com.test.MainAppDEVTests;
				PRODUCT_NAME = "$(TARGET_NAME)";
				SWIFT_ACTIVE_COMPILATION_CONDITIONS = "DEBUG $(inherited)";
				SWIFT_EMIT_LOC_STRINGS = NO;
				SWIFT_VERSION = 5.0;
				TARGETED_DEVICE_FAMILY = "1,2";
				TEST_HOST = "$(BUILT_PRODUCTS_DIR)/MainAppDEV.app/$(BUNDLE_EXECUTABLE_FOLDER_PATH)/MainAppDEV";
			};
			name = Debug;
		};
		F7F091BE2C9AA43C00FBE414 /* Release */ = {
			isa = XCBuildConfiguration;
			buildSettings = {
				ASSETCATALOG_COMPILER_GENERATE_SWIFT_ASSET_SYMBOL_EXTENSIONS = YES;
				BUNDLE_LOADER = "$(TEST_HOST)";
				CLANG_CXX_LANGUAGE_STANDARD = "gnu++20";
				CODE_SIGN_STYLE = Automatic;
				CURRENT_PROJECT_VERSION = 1;
				DEVELOPMENT_TEAM = 6P7LJS7G56;
				ENABLE_USER_SCRIPT_SANDBOXING = YES;
				GCC_C_LANGUAGE_STANDARD = gnu17;
				GENERATE_INFOPLIST_FILE = YES;
				IPHONEOS_DEPLOYMENT_TARGET = 17.5;
				LOCALIZATION_PREFERS_STRING_CATALOGS = YES;
				MARKETING_VERSION = 1.0;
				PRODUCT_BUNDLE_IDENTIFIER = com.test.MainAppDEVTests;
				PRODUCT_NAME = "$(TARGET_NAME)";
				SWIFT_EMIT_LOC_STRINGS = NO;
				SWIFT_VERSION = 5.0;
				TARGETED_DEVICE_FAMILY = "1,2";
				TEST_HOST = "$(BUILT_PRODUCTS_DIR)/MainAppDEV.app/$(BUNDLE_EXECUTABLE_FOLDER_PATH)/MainAppDEV";
			};
			name = Release;
		};
		F7F6F8E62C9A9EB2004A9EF5 /* Debug */ = {
			isa = XCBuildConfiguration;
			buildSettings = {
				ASSETCATALOG_COMPILER_APPICON_NAME = AppIcon;
				ASSETCATALOG_COMPILER_GLOBAL_ACCENT_COLOR_NAME = AccentColor;
				"CODE_SIGN_IDENTITY[sdk=iphoneos*]" = "iPhone Developer";
				CODE_SIGN_STYLE = Manual;
				CURRENT_PROJECT_VERSION = 1;
				DEVELOPMENT_ASSET_PATHS = "\"MainApp/Preview Content\"";
				DEVELOPMENT_TEAM = "";
				"DEVELOPMENT_TEAM[sdk=iphoneos*]" = 6P7LJS7G56;
				ENABLE_PREVIEWS = YES;
				GCC_PREPROCESSOR_DEFINITIONS = (
					"UAT=1",
					"DEBUG=1",
				);
				GENERATE_INFOPLIST_FILE = YES;
				INFOPLIST_FILE = "MainApp/Info-UAT.plist";
				LD_RUNPATH_SEARCH_PATHS = (
					"$(inherited)",
					"@executable_path/Frameworks",
				);
				MARKETING_VERSION = 1.0.0;
				OTHER_SWIFT_FLAGS = "-DUAT";
				PRODUCT_BUNDLE_IDENTIFIER = com.mildgrind.icefuse.uat;
				PRODUCT_NAME = "$(TARGET_NAME)";
				PROVISIONING_PROFILE_SPECIFIER = "";
				"PROVISIONING_PROFILE_SPECIFIER[sdk=iphoneos*]" = "IceFuse Dev";
				SWIFT_VERSION = 5.0;
				TARGETED_DEVICE_FAMILY = "1,2";
			};
			name = Debug;
		};
		F7F6F8E72C9A9EB2004A9EF5 /* Release */ = {
			isa = XCBuildConfiguration;
			buildSettings = {
				ASSETCATALOG_COMPILER_APPICON_NAME = AppIcon;
				ASSETCATALOG_COMPILER_GLOBAL_ACCENT_COLOR_NAME = AccentColor;
				"CODE_SIGN_IDENTITY[sdk=iphoneos*]" = "iPhone Developer";
				CODE_SIGN_STYLE = Manual;
				CURRENT_PROJECT_VERSION = 1;
				DEVELOPMENT_ASSET_PATHS = "\"MainApp/Preview Content\"";
				DEVELOPMENT_TEAM = "";
				"DEVELOPMENT_TEAM[sdk=iphoneos*]" = 6P7LJS7G56;
				ENABLE_PREVIEWS = YES;
				GCC_PREPROCESSOR_DEFINITIONS = "UAT=1";
				GENERATE_INFOPLIST_FILE = YES;
				INFOPLIST_FILE = "MainApp/Info-UAT.plist";
				LD_RUNPATH_SEARCH_PATHS = (
					"$(inherited)",
					"@executable_path/Frameworks",
				);
				MARKETING_VERSION = 1.0.0;
				OTHER_SWIFT_FLAGS = "-DUAT";
				PRODUCT_BUNDLE_IDENTIFIER = com.mildgrind.icefuse.uat;
				PRODUCT_NAME = "$(TARGET_NAME)";
				PROVISIONING_PROFILE_SPECIFIER = "";
				"PROVISIONING_PROFILE_SPECIFIER[sdk=iphoneos*]" = "IceFuse Dev";
				SWIFT_VERSION = 5.0;
				TARGETED_DEVICE_FAMILY = "1,2";
			};
			name = Release;
		};
		F7F6F8FA2C9AA20E004A9EF5 /* Debug */ = {
			isa = XCBuildConfiguration;
			buildSettings = {
				ASSETCATALOG_COMPILER_APPICON_NAME = AppIcon;
				ASSETCATALOG_COMPILER_GLOBAL_ACCENT_COLOR_NAME = AccentColor;
				"CODE_SIGN_IDENTITY[sdk=iphoneos*]" = "iPhone Developer";
				CODE_SIGN_STYLE = Manual;
				CURRENT_PROJECT_VERSION = 1;
				DEVELOPMENT_ASSET_PATHS = "\"MainApp/Preview Content\"";
				DEVELOPMENT_TEAM = "";
				"DEVELOPMENT_TEAM[sdk=iphoneos*]" = 6P7LJS7G56;
				ENABLE_PREVIEWS = YES;
				GCC_PREPROCESSOR_DEFINITIONS = (
					"PRO=1",
					"DEBUG=1",
				);
				GENERATE_INFOPLIST_FILE = YES;
				INFOPLIST_FILE = "MainApp/Info-PRO.plist";
				LD_RUNPATH_SEARCH_PATHS = (
					"$(inherited)",
					"@executable_path/Frameworks",
				);
				MARKETING_VERSION = 1.0;
				OTHER_SWIFT_FLAGS = "-DPRO";
				PRODUCT_BUNDLE_IDENTIFIER = com.mildgrind.icefuse;
				PRODUCT_NAME = "$(TARGET_NAME)";
				PROVISIONING_PROFILE_SPECIFIER = "";
				"PROVISIONING_PROFILE_SPECIFIER[sdk=iphoneos*]" = "IceFuse Dev";
				SWIFT_VERSION = 5.0;
				TARGETED_DEVICE_FAMILY = "1,2";
			};
			name = Debug;
		};
		F7F6F8FB2C9AA20E004A9EF5 /* Release */ = {
			isa = XCBuildConfiguration;
			buildSettings = {
				ASSETCATALOG_COMPILER_APPICON_NAME = AppIcon;
				ASSETCATALOG_COMPILER_GLOBAL_ACCENT_COLOR_NAME = AccentColor;
				"CODE_SIGN_IDENTITY[sdk=iphoneos*]" = "iPhone Developer";
				CODE_SIGN_STYLE = Manual;
				CURRENT_PROJECT_VERSION = 1;
				DEVELOPMENT_ASSET_PATHS = "\"MainApp/Preview Content\"";
				DEVELOPMENT_TEAM = "";
				"DEVELOPMENT_TEAM[sdk=iphoneos*]" = 6P7LJS7G56;
				ENABLE_PREVIEWS = YES;
				GCC_PREPROCESSOR_DEFINITIONS = "PRO=1";
				GENERATE_INFOPLIST_FILE = YES;
				INFOPLIST_FILE = "MainApp/Info-PRO.plist";
				LD_RUNPATH_SEARCH_PATHS = (
					"$(inherited)",
					"@executable_path/Frameworks",
				);
				MARKETING_VERSION = 1.0;
				OTHER_SWIFT_FLAGS = "-DPRO";
				PRODUCT_BUNDLE_IDENTIFIER = com.mildgrind.icefuse;
				PRODUCT_NAME = "$(TARGET_NAME)";
				PROVISIONING_PROFILE_SPECIFIER = "";
				"PROVISIONING_PROFILE_SPECIFIER[sdk=iphoneos*]" = "IceFuse Dev";
				SWIFT_VERSION = 5.0;
				TARGETED_DEVICE_FAMILY = "1,2";
			};
			name = Release;
		};
/* End XCBuildConfiguration section */

/* Begin XCConfigurationList section */
		F70B4D26266BD2900019C198 /* Build configuration list for PBXProject "MainApp" */ = {
			isa = XCConfigurationList;
			buildConfigurations = (
				F70B4D53266BD2930019C198 /* Debug */,
				F70B4D54266BD2930019C198 /* Release */,
			);
			defaultConfigurationIsVisible = 0;
			defaultConfigurationName = Release;
		};
		F70B4D55266BD2930019C198 /* Build configuration list for PBXNativeTarget "MainAppDEV" */ = {
			isa = XCConfigurationList;
			buildConfigurations = (
				F70B4D56266BD2930019C198 /* Debug */,
				F70B4D57266BD2930019C198 /* Release */,
			);
			defaultConfigurationIsVisible = 0;
			defaultConfigurationName = Release;
		};
		F7F091BC2C9AA43C00FBE414 /* Build configuration list for PBXNativeTarget "MainAppDEVTests" */ = {
			isa = XCConfigurationList;
			buildConfigurations = (
				F7F091BD2C9AA43C00FBE414 /* Debug */,
				F7F091BE2C9AA43C00FBE414 /* Release */,
			);
			defaultConfigurationIsVisible = 0;
			defaultConfigurationName = Release;
		};
		F7F6F8E52C9A9EB2004A9EF5 /* Build configuration list for PBXNativeTarget "MainAppUAT" */ = {
			isa = XCConfigurationList;
			buildConfigurations = (
				F7F6F8E62C9A9EB2004A9EF5 /* Debug */,
				F7F6F8E72C9A9EB2004A9EF5 /* Release */,
			);
			defaultConfigurationIsVisible = 0;
			defaultConfigurationName = Release;
		};
		F7F6F8F92C9AA20E004A9EF5 /* Build configuration list for PBXNativeTarget "MainAppPRO" */ = {
			isa = XCConfigurationList;
			buildConfigurations = (
				F7F6F8FA2C9AA20E004A9EF5 /* Debug */,
				F7F6F8FB2C9AA20E004A9EF5 /* Release */,
			);
			defaultConfigurationIsVisible = 0;
			defaultConfigurationName = Release;
		};
/* End XCConfigurationList section */
	};
	rootObject = F70B4D23266BD2900019C198 /* Project object */;
}
